
Microsoft Visual Studio Solution File, Format Version 12.00
# Visual Studio Version 16
VisualStudioVersion = 16.0.30114.105
MinimumVisualStudioVersion = 10.0.40219.1
Project("{FAE04EC0-301F-11D3-BF4B-00C04F79EFBC}") = "API", "API\API.csproj", "{ECAC76B6-602C-4353-9D0F-A6C44BA30179}"
EndProject
Project("{FAE04EC0-301F-11D3-BF4B-00C04F79EFBC}") = "Core", "Core\Core.csproj", "{49198C59-BC17-4C93-ABAB-544F1268E972}"
EndProject
Project("{FAE04EC0-301F-11D3-BF4B-00C04F79EFBC}") = "Infrastructure", "Infrastructure\Infrastructure.csproj", "{52D8346D-BA6E-4663-B7C2-5E497B784B34}"
EndProject
Global
	GlobalSection(SolutionConfigurationPlatforms) = preSolution
		Debug|Any CPU = Debug|Any CPU
		Release|Any CPU = Release|Any CPU
	EndGlobalSection
	GlobalSection(SolutionProperties) = preSolution
		HideSolutionNode = FALSE
	EndGlobalSection
	GlobalSection(ProjectConfigurationPlatforms) = postSolution
		{ECAC76B6-602C-4353-9D0F-A6C44BA30179}.Debug|Any CPU.ActiveCfg = Debug|Any CPU
		{ECAC76B6-602C-4353-9D0F-A6C44BA30179}.Debug|Any CPU.Build.0 = Debug|Any CPU
		{ECAC76B6-602C-4353-9D0F-A6C44BA30179}.Release|Any CPU.ActiveCfg = Release|Any CPU
		{ECAC76B6-602C-4353-9D0F-A6C44BA30179}.Release|Any CPU.Build.0 = Release|Any CPU
		{49198C59-BC17-4C93-ABAB-544F1268E972}.Debug|Any CPU.ActiveCfg = Debug|Any CPU
		{49198C59-BC17-4C93-ABAB-544F1268E972}.Debug|Any CPU.Build.0 = Debug|Any CPU
		{49198C59-BC17-4C93-ABAB-544F1268E972}.Release|Any CPU.ActiveCfg = Release|Any CPU
		{49198C59-BC17-4C93-ABAB-544F1268E972}.Release|Any CPU.Build.0 = Release|Any CPU
		{52D8346D-BA6E-4663-B7C2-5E497B784B34}.Debug|Any CPU.ActiveCfg = Debug|Any CPU
		{52D8346D-BA6E-4663-B7C2-5E497B784B34}.Debug|Any CPU.Build.0 = Debug|Any CPU
		{52D8346D-BA6E-4663-B7C2-5E497B784B34}.Release|Any CPU.ActiveCfg = Release|Any CPU
		{52D8346D-BA6E-4663-B7C2-5E497B784B34}.Release|Any CPU.Build.0 = Release|Any CPU
	EndGlobalSection
EndGlobal
